// !$*UTF8*$!
{
	archiveVersion = 1;
	classes = {
	};
	objectVersion = 50;
	objects = {

/* Begin PBXBuildFile section */
		BC0B30BF1B0779F48F42E620 /* Pods_paper.framework in Frameworks */ = {isa = PBXBuildFile; fileRef = 06CE668C45E7B11A17FE7119 /* Pods_paper.framework */; };
		FABDA7512141DCB400EC6778 /* AppDelegate.swift in Sources */ = {isa = PBXBuildFile; fileRef = FABDA7502141DCB400EC6778 /* AppDelegate.swift */; };
		FABDA7532141DCB500EC6778 /* FirstViewController.swift in Sources */ = {isa = PBXBuildFile; fileRef = FABDA7522141DCB500EC6778 /* FirstViewController.swift */; };
		FABDA7552141DCB500EC6778 /* SecondViewController.swift in Sources */ = {isa = PBXBuildFile; fileRef = FABDA7542141DCB500EC6778 /* SecondViewController.swift */; };
		FABDA7582141DCB500EC6778 /* Main.storyboard in Resources */ = {isa = PBXBuildFile; fileRef = FABDA7562141DCB500EC6778 /* Main.storyboard */; };
		FABDA75A2141DCC300EC6778 /* Assets.xcassets in Resources */ = {isa = PBXBuildFile; fileRef = FABDA7592141DCC300EC6778 /* Assets.xcassets */; };
		FABDA75D2141DCC300EC6778 /* LaunchScreen.storyboard in Resources */ = {isa = PBXBuildFile; fileRef = FABDA75B2141DCC300EC6778 /* LaunchScreen.storyboard */; };
		FABDA76B2141E0FC00EC6778 /* GoogleService-Info.plist in Resources */ = {isa = PBXBuildFile; fileRef = FABDA76A2141E0FC00EC6778 /* GoogleService-Info.plist */; };
/* End PBXBuildFile section */

/* Begin PBXFileReference section */
		06CE668C45E7B11A17FE7119 /* Pods_paper.framework */ = {isa = PBXFileReference; explicitFileType = wrapper.framework; includeInIndex = 0; path = Pods_paper.framework; sourceTree = BUILT_PRODUCTS_DIR; };
		6045EAAFA29445BFF7414DF6 /* Pods-paper.debug.xcconfig */ = {isa = PBXFileReference; includeInIndex = 1; lastKnownFileType = text.xcconfig; name = "Pods-paper.debug.xcconfig"; path = "Pods/Target Support Files/Pods-paper/Pods-paper.debug.xcconfig"; sourceTree = "<group>"; };
		651A042976147E0D06EA9015 /* Pods-paper.release.xcconfig */ = {isa = PBXFileReference; includeInIndex = 1; lastKnownFileType = text.xcconfig; name = "Pods-paper.release.xcconfig"; path = "Pods/Target Support Files/Pods-paper/Pods-paper.release.xcconfig"; sourceTree = "<group>"; };
		FABDA74D2141DCB400EC6778 /* paper.app */ = {isa = PBXFileReference; explicitFileType = wrapper.application; includeInIndex = 0; path = paper.app; sourceTree = BUILT_PRODUCTS_DIR; };
		FABDA7502141DCB400EC6778 /* AppDelegate.swift */ = {isa = PBXFileReference; lastKnownFileType = sourcecode.swift; path = AppDelegate.swift; sourceTree = "<group>"; };
		FABDA7522141DCB500EC6778 /* FirstViewController.swift */ = {isa = PBXFileReference; lastKnownFileType = sourcecode.swift; path = FirstViewController.swift; sourceTree = "<group>"; };
		FABDA7542141DCB500EC6778 /* SecondViewController.swift */ = {isa = PBXFileReference; lastKnownFileType = sourcecode.swift; path = SecondViewController.swift; sourceTree = "<group>"; };
		FABDA7572141DCB500EC6778 /* Base */ = {isa = PBXFileReference; lastKnownFileType = file.storyboard; name = Base; path = Base.lproj/Main.storyboard; sourceTree = "<group>"; };
		FABDA7592141DCC300EC6778 /* Assets.xcassets */ = {isa = PBXFileReference; lastKnownFileType = folder.assetcatalog; path = Assets.xcassets; sourceTree = "<group>"; };
		FABDA75C2141DCC300EC6778 /* Base */ = {isa = PBXFileReference; lastKnownFileType = file.storyboard; name = Base; path = Base.lproj/LaunchScreen.storyboard; sourceTree = "<group>"; };
		FABDA75E2141DCC300EC6778 /* Info.plist */ = {isa = PBXFileReference; lastKnownFileType = text.plist.xml; path = Info.plist; sourceTree = "<group>"; };
		FABDA76A2141E0FC00EC6778 /* GoogleService-Info.plist */ = {isa = PBXFileReference; fileEncoding = 4; lastKnownFileType = text.plist.xml; path = "GoogleService-Info.plist"; sourceTree = "<group>"; };
/* End PBXFileReference section */

/* Begin PBXFrameworksBuildPhase section */
		FABDA74A2141DCB400EC6778 /* Frameworks */ = {
			isa = PBXFrameworksBuildPhase;
			buildActionMask = 2147483647;
			files = (
				BC0B30BF1B0779F48F42E620 /* Pods_paper.framework in Frameworks */,
			);
			runOnlyForDeploymentPostprocessing = 0;
		};
/* End PBXFrameworksBuildPhase section */

/* Begin PBXGroup section */
		66F2F8AF5615DD19A701C1B0 /* Pods */ = {
			isa = PBXGroup;
			children = (
				6045EAAFA29445BFF7414DF6 /* Pods-paper.debug.xcconfig */,
				651A042976147E0D06EA9015 /* Pods-paper.release.xcconfig */,
			);
			name = Pods;
			sourceTree = "<group>";
		};
		DF864F82C68146081D868189 /* Frameworks */ = {
			isa = PBXGroup;
			children = (
				06CE668C45E7B11A17FE7119 /* Pods_paper.framework */,
			);
			name = Frameworks;
			sourceTree = "<group>";
		};
		FABDA7442141DCB400EC6778 = {
			isa = PBXGroup;
			children = (
				FABDA74F2141DCB400EC6778 /* paper */,
				FABDA74E2141DCB400EC6778 /* Products */,
				66F2F8AF5615DD19A701C1B0 /* Pods */,
				DF864F82C68146081D868189 /* Frameworks */,
			);
			sourceTree = "<group>";
		};
		FABDA74E2141DCB400EC6778 /* Products */ = {
			isa = PBXGroup;
			children = (
				FABDA74D2141DCB400EC6778 /* paper.app */,
			);
			name = Products;
			sourceTree = "<group>";
		};
		FABDA74F2141DCB400EC6778 /* paper */ = {
			isa = PBXGroup;
			children = (
				FABDA7682141DDF600EC6778 /* Services */,
				FABDA7672141DDF200EC6778 /* Extension */,
				FABDA7692141DE0B00EC6778 /* Model */,
				FABDA7662141DDED00EC6778 /* View */,
				FABDA7642141DDD500EC6778 /* Controller */,
				FABDA7502141DCB400EC6778 /* AppDelegate.swift */,
				FABDA7562141DCB500EC6778 /* Main.storyboard */,
				FABDA7592141DCC300EC6778 /* Assets.xcassets */,
				FABDA75B2141DCC300EC6778 /* LaunchScreen.storyboard */,
				FABDA75E2141DCC300EC6778 /* Info.plist */,
				FABDA76A2141E0FC00EC6778 /* GoogleService-Info.plist */,
			);
			path = paper;
			sourceTree = "<group>";
		};
		FABDA7642141DDD500EC6778 /* Controller */ = {
			isa = PBXGroup;
			children = (
				FABDA7542141DCB500EC6778 /* SecondViewController.swift */,
				FABDA7522141DCB500EC6778 /* FirstViewController.swift */,
			);
			path = Controller;
			sourceTree = "<group>";
		};
		FABDA7662141DDED00EC6778 /* View */ = {
			isa = PBXGroup;
			children = (
			);
			path = View;
			sourceTree = "<group>";
		};
		FABDA7672141DDF200EC6778 /* Extension */ = {
			isa = PBXGroup;
			children = (
			);
			path = Extension;
			sourceTree = "<group>";
		};
		FABDA7682141DDF600EC6778 /* Services */ = {
			isa = PBXGroup;
			children = (
			);
			path = Services;
			sourceTree = "<group>";
		};
		FABDA7692141DE0B00EC6778 /* Model */ = {
			isa = PBXGroup;
			children = (
			);
			path = Model;
			sourceTree = "<group>";
		};
/* End PBXGroup section */

/* Begin PBXNativeTarget section */
		FABDA74C2141DCB400EC6778 /* paper */ = {
			isa = PBXNativeTarget;
			buildConfigurationList = FABDA7612141DCC300EC6778 /* Build configuration list for PBXNativeTarget "paper" */;
			buildPhases = (
				ECFDBFB794A6B91C0973147D /* [CP] Check Pods Manifest.lock */,
				FABDA7492141DCB400EC6778 /* Sources */,
				FABDA74A2141DCB400EC6778 /* Frameworks */,
				FABDA74B2141DCB400EC6778 /* Resources */,
				C81122F697284952B8CB93F3 /* [CP] Embed Pods Frameworks */,
			);
			buildRules = (
			);
			dependencies = (
			);
			name = paper;
			productName = paper;
			productReference = FABDA74D2141DCB400EC6778 /* paper.app */;
			productType = "com.apple.product-type.application";
		};
/* End PBXNativeTarget section */

/* Begin PBXProject section */
		FABDA7452141DCB400EC6778 /* Project object */ = {
			isa = PBXProject;
			attributes = {
				LastSwiftUpdateCheck = 0940;
				LastUpgradeCheck = 0940;
				ORGANIZATIONNAME = "Code Drizzlers";
				TargetAttributes = {
					FABDA74C2141DCB400EC6778 = {
						CreatedOnToolsVersion = 9.4;
					};
				};
			};
			buildConfigurationList = FABDA7482141DCB400EC6778 /* Build configuration list for PBXProject "paper" */;
			compatibilityVersion = "Xcode 9.3";
			developmentRegion = en;
			hasScannedForEncodings = 0;
			knownRegions = (
				en,
				Base,
			);
			mainGroup = FABDA7442141DCB400EC6778;
			productRefGroup = FABDA74E2141DCB400EC6778 /* Products */;
			projectDirPath = "";
			projectRoot = "";
			targets = (
				FABDA74C2141DCB400EC6778 /* paper */,
			);
		};
/* End PBXProject section */

/* Begin PBXResourcesBuildPhase section */
		FABDA74B2141DCB400EC6778 /* Resources */ = {
			isa = PBXResourcesBuildPhase;
			buildActionMask = 2147483647;
			files = (
				FABDA75D2141DCC300EC6778 /* LaunchScreen.storyboard in Resources */,
				FABDA76B2141E0FC00EC6778 /* GoogleService-Info.plist in Resources */,
				FABDA75A2141DCC300EC6778 /* Assets.xcassets in Resources */,
				FABDA7582141DCB500EC6778 /* Main.storyboard in Resources */,
			);
			runOnlyForDeploymentPostprocessing = 0;
		};
/* End PBXResourcesBuildPhase section */

/* Begin PBXShellScriptBuildPhase section */
		C81122F697284952B8CB93F3 /* [CP] Embed Pods Frameworks */ = {
			isa = PBXShellScriptBuildPhase;
			buildActionMask = 2147483647;
			files = (
			);
			inputFileListPaths = (
			);
			inputPaths = (
				"${SRCROOT}/Pods/Target Support Files/Pods-paper/Pods-paper-frameworks.sh",
				"${BUILT_PRODUCTS_DIR}/GTMSessionFetcher/GTMSessionFetcher.framework",
				"${BUILT_PRODUCTS_DIR}/GoogleUtilities/GoogleUtilities.framework",
				"${BUILT_PRODUCTS_DIR}/leveldb-library/leveldb.framework",
				"${BUILT_PRODUCTS_DIR}/nanopb/nanopb.framework",
			);
			name = "[CP] Embed Pods Frameworks";
			outputFileListPaths = (
			);
			outputPaths = (
				"${TARGET_BUILD_DIR}/${FRAMEWORKS_FOLDER_PATH}/GTMSessionFetcher.framework",
				"${TARGET_BUILD_DIR}/${FRAMEWORKS_FOLDER_PATH}/GoogleUtilities.framework",
				"${TARGET_BUILD_DIR}/${FRAMEWORKS_FOLDER_PATH}/leveldb.framework",
				"${TARGET_BUILD_DIR}/${FRAMEWORKS_FOLDER_PATH}/nanopb.framework",
			);
			runOnlyForDeploymentPostprocessing = 0;
			shellPath = /bin/sh;
			shellScript = "\"${SRCROOT}/Pods/Target Support Files/Pods-paper/Pods-paper-frameworks.sh\"\n";
			showEnvVarsInLog = 0;
		};
		ECFDBFB794A6B91C0973147D /* [CP] Check Pods Manifest.lock */ = {
			isa = PBXShellScriptBuildPhase;
			buildActionMask = 2147483647;
			files = (
			);
			inputFileListPaths = (
			);
			inputPaths = (
				"${PODS_PODFILE_DIR_PATH}/Podfile.lock",
				"${PODS_ROOT}/Manifest.lock",
			);
			name = "[CP] Check Pods Manifest.lock";
			outputFileListPaths = (
			);
			outputPaths = (
				"$(DERIVED_FILE_DIR)/Pods-paper-checkManifestLockResult.txt",
			);
			runOnlyForDeploymentPostprocessing = 0;
			shellPath = /bin/sh;
			shellScript = "diff \"${PODS_PODFILE_DIR_PATH}/Podfile.lock\" \"${PODS_ROOT}/Manifest.lock\" > /dev/null\nif [ $? != 0 ] ; then\n    # print error to STDERR\n    echo \"error: The sandbox is not in sync with the Podfile.lock. Run 'pod install' or update your CocoaPods installation.\" >&2\n    exit 1\nfi\n# This output is used by Xcode 'outputs' to avoid re-running this script phase.\necho \"SUCCESS\" > \"${SCRIPT_OUTPUT_FILE_0}\"\n";
			showEnvVarsInLog = 0;
		};
/* End PBXShellScriptBuildPhase section */

/* Begin PBXSourcesBuildPhase section */
		FABDA7492141DCB400EC6778 /* Sources */ = {
			isa = PBXSourcesBuildPhase;
			buildActionMask = 2147483647;
			files = (
				FABDA7552141DCB500EC6778 /* SecondViewController.swift in Sources */,
				FABDA7512141DCB400EC6778 /* AppDelegate.swift in Sources */,
				FABDA7532141DCB500EC6778 /* FirstViewController.swift in Sources */,
			);
			runOnlyForDeploymentPostprocessing = 0;
		};
/* End PBXSourcesBuildPhase section */

/* Begin PBXVariantGroup section */
		FABDA7562141DCB500EC6778 /* Main.storyboard */ = {
			isa = PBXVariantGroup;
			children = (
				FABDA7572141DCB500EC6778 /* Base */,
			);
			name = Main.storyboard;
			sourceTree = "<group>";
		};
		FABDA75B2141DCC300EC6778 /* LaunchScreen.storyboard */ = {
			isa = PBXVariantGroup;
			children = (
				FABDA75C2141DCC300EC6778 /* Base */,
			);
			name = LaunchScreen.storyboard;
			sourceTree = "<group>";
		};
/* End PBXVariantGroup section */

/* Begin XCBuildConfiguration section */
		FABDA75F2141DCC300EC6778 /* Debug */ = {
			isa = XCBuildConfiguration;
			buildSettings = {
				ALWAYS_SEARCH_USER_PATHS = NO;
				CLANG_ANALYZER_NONNULL = YES;
				CLANG_ANALYZER_NUMBER_OBJECT_CONVERSION = YES_AGGRESSIVE;
				CLANG_CXX_LANGUAGE_STANDARD = "gnu++14";
				CLANG_CXX_LIBRARY = "libc++";
				CLANG_ENABLE_MODULES = YES;
				CLANG_ENABLE_OBJC_ARC = YES;
				CLANG_ENABLE_OBJC_WEAK = YES;
				CLANG_WARN_BLOCK_CAPTURE_AUTORELEASING = YES;
				CLANG_WARN_BOOL_CONVERSION = YES;
				CLANG_WARN_COMMA = YES;
				CLANG_WARN_CONSTANT_CONVERSION = YES;
				CLANG_WARN_DEPRECATED_OBJC_IMPLEMENTATIONS = YES;
				CLANG_WARN_DIRECT_OBJC_ISA_USAGE = YES_ERROR;
				CLANG_WARN_DOCUMENTATION_COMMENTS = YES;
				CLANG_WARN_EMPTY_BODY = YES;
				CLANG_WARN_ENUM_CONVERSION = YES;
				CLANG_WARN_INFINITE_RECURSION = YES;
				CLANG_WARN_INT_CONVERSION = YES;
				CLANG_WARN_NON_LITERAL_NULL_CONVERSION = YES;
				CLANG_WARN_OBJC_IMPLICIT_RETAIN_SELF = YES;
				CLANG_WARN_OBJC_LITERAL_CONVERSION = YES;
				CLANG_WARN_OBJC_ROOT_CLASS = YES_ERROR;
				CLANG_WARN_RANGE_LOOP_ANALYSIS = YES;
				CLANG_WARN_STRICT_PROTOTYPES = YES;
				CLANG_WARN_SUSPICIOUS_MOVE = YES;
				CLANG_WARN_UNGUARDED_AVAILABILITY = YES_AGGRESSIVE;
				CLANG_WARN_UNREACHABLE_CODE = YES;
				CLANG_WARN__DUPLICATE_METHOD_MATCH = YES;
				CODE_SIGN_IDENTITY = "iPhone Developer";
				COPY_PHASE_STRIP = NO;
				DEBUG_INFORMATION_FORMAT = dwarf;
				ENABLE_STRICT_OBJC_MSGSEND = YES;
				ENABLE_TESTABILITY = YES;
				GCC_C_LANGUAGE_STANDARD = gnu11;
				GCC_DYNAMIC_NO_PIC = NO;
				GCC_NO_COMMON_BLOCKS = YES;
				GCC_OPTIMIZATION_LEVEL = 0;
				GCC_PREPROCESSOR_DEFINITIONS = (
					"DEBUG=1",
					"$(inherited)",
				);
				GCC_WARN_64_TO_32_BIT_CONVERSION = YES;
				GCC_WARN_ABOUT_RETURN_TYPE = YES_ERROR;
				GCC_WARN_UNDECLARED_SELECTOR = YES;
				GCC_WARN_UNINITIALIZED_AUTOS = YES_AGGRESSIVE;
				GCC_WARN_UNUSED_FUNCTION = YES;
				GCC_WARN_UNUSED_VARIABLE = YES;
				IPHONEOS_DEPLOYMENT_TARGET = 11.4;
				MTL_ENABLE_DEBUG_INFO = YES;
				ONLY_ACTIVE_ARCH = YES;
				SDKROOT = iphoneos;
				SWIFT_ACTIVE_COMPILATION_CONDITIONS = DEBUG;
				SWIFT_OPTIMIZATION_LEVEL = "-Onone";
			};
			name = Debug;
		};
		FABDA7602141DCC300EC6778 /* Release */ = {
			isa = XCBuildConfiguration;
			buildSettings = {
				ALWAYS_SEARCH_USER_PATHS = NO;
				CLANG_ANALYZER_NONNULL = YES;
				CLANG_ANALYZER_NUMBER_OBJECT_CONVERSION = YES_AGGRESSIVE;
				CLANG_CXX_LANGUAGE_STANDARD = "gnu++14";
				CLANG_CXX_LIBRARY = "libc++";
				CLANG_ENABLE_MODULES = YES;
				CLANG_ENABLE_OBJC_ARC = YES;
				CLANG_ENABLE_OBJC_WEAK = YES;
				CLANG_WARN_BLOCK_CAPTURE_AUTORELEASING = YES;
				CLANG_WARN_BOOL_CONVERSION = YES;
				CLANG_WARN_COMMA = YES;
				CLANG_WARN_CONSTANT_CONVERSION = YES;
				CLANG_WARN_DEPRECATED_OBJC_IMPLEMENTATIONS = YES;
				CLANG_WARN_DIRECT_OBJC_ISA_USAGE = YES_ERROR;
				CLANG_WARN_DOCUMENTATION_COMMENTS = YES;
				CLANG_WARN_EMPTY_BODY = YES;
				CLANG_WARN_ENUM_CONVERSION = YES;
				CLANG_WARN_INFINITE_RECURSION = YES;
				CLANG_WARN_INT_CONVERSION = YES;
				CLANG_WARN_NON_LITERAL_NULL_CONVERSION = YES;
				CLANG_WARN_OBJC_IMPLICIT_RETAIN_SELF = YES;
				CLANG_WARN_OBJC_LITERAL_CONVERSION = YES;
				CLANG_WARN_OBJC_ROOT_CLASS = YES_ERROR;
				CLANG_WARN_RANGE_LOOP_ANALYSIS = YES;
				CLANG_WARN_STRICT_PROTOTYPES = YES;
				CLANG_WARN_SUSPICIOUS_MOVE = YES;
				CLANG_WARN_UNGUARDED_AVAILABILITY = YES_AGGRESSIVE;
				CLANG_WARN_UNREACHABLE_CODE = YES;
				CLANG_WARN__DUPLICATE_METHOD_MATCH = YES;
				CODE_SIGN_IDENTITY = "iPhone Developer";
				COPY_PHASE_STRIP = NO;
				DEBUG_INFORMATION_FORMAT = "dwarf-with-dsym";
				ENABLE_NS_ASSERTIONS = NO;
				ENABLE_STRICT_OBJC_MSGSEND = YES;
				GCC_C_LANGUAGE_STANDARD = gnu11;
				GCC_NO_COMMON_BLOCKS = YES;
				GCC_WARN_64_TO_32_BIT_CONVERSION = YES;
				GCC_WARN_ABOUT_RETURN_TYPE = YES_ERROR;
				GCC_WARN_UNDECLARED_SELECTOR = YES;
				GCC_WARN_UNINITIALIZED_AUTOS = YES_AGGRESSIVE;
				GCC_WARN_UNUSED_FUNCTION = YES;
				GCC_WARN_UNUSED_VARIABLE = YES;
				IPHONEOS_DEPLOYMENT_TARGET = 11.4;
				MTL_ENABLE_DEBUG_INFO = NO;
				SDKROOT = iphoneos;
				SWIFT_COMPILATION_MODE = wholemodule;
				SWIFT_OPTIMIZATION_LEVEL = "-O";
				VALIDATE_PRODUCT = YES;
			};
			name = Release;
		};
		FABDA7622141DCC300EC6778 /* Debug */ = {
			isa = XCBuildConfiguration;
			baseConfigurationReference = 6045EAAFA29445BFF7414DF6 /* Pods-paper.debug.xcconfig */;
			buildSettings = {
				ASSETCATALOG_COMPILER_APPICON_NAME = AppIcon;
				CODE_SIGN_STYLE = Automatic;
				INFOPLIST_FILE = paper/Info.plist;
				LD_RUNPATH_SEARCH_PATHS = (
					"$(inherited)",
					"@executable_path/Frameworks",
				);
				PRODUCT_BUNDLE_IDENTIFIER = com.codedrizzlers.paper;
				PRODUCT_NAME = "$(TARGET_NAME)";
				SWIFT_VERSION = 4.0;
				TARGETED_DEVICE_FAMILY = "1,2";
			};
			name = Debug;
		};
		FABDA7632141DCC300EC6778 /* Release */ = {
			isa = XCBuildConfiguration;
			baseConfigurationReference = 651A042976147E0D06EA9015 /* Pods-paper.release.xcconfig */;
			buildSettings = {
				ASSETCATALOG_COMPILER_APPICON_NAME = AppIcon;
				CODE_SIGN_STYLE = Automatic;
				INFOPLIST_FILE = paper/Info.plist;
				LD_RUNPATH_SEARCH_PATHS = (
					"$(inherited)",
					"@executable_path/Frameworks",
				);
				PRODUCT_BUNDLE_IDENTIFIER = com.codedrizzlers.paper;
				PRODUCT_NAME = "$(TARGET_NAME)";
				SWIFT_VERSION = 4.0;
				TARGETED_DEVICE_FAMILY = "1,2";
			};
			name = Release;
		};
/* End XCBuildConfiguration section */

/* Begin XCConfigurationList section */
		FABDA7482141DCB400EC6778 /* Build configuration list for PBXProject "paper" */ = {
			isa = XCConfigurationList;
			buildConfigurations = (
				FABDA75F2141DCC300EC6778 /* Debug */,
				FABDA7602141DCC300EC6778 /* Release */,
			);
			defaultConfigurationIsVisible = 0;
			defaultConfigurationName = Release;
		};
		FABDA7612141DCC300EC6778 /* Build configuration list for PBXNativeTarget "paper" */ = {
			isa = XCConfigurationList;
			buildConfigurations = (
				FABDA7622141DCC300EC6778 /* Debug */,
				FABDA7632141DCC300EC6778 /* Release */,
			);
			defaultConfigurationIsVisible = 0;
			defaultConfigurationName = Release;
		};
/* End XCConfigurationList section */
	};
	rootObject = FABDA7452141DCB400EC6778 /* Project object */;
}
